
Microsoft Visual Studio Solution File, Format Version 12.00
# Visual Studio Version 17
VisualStudioVersion = 17.7.34024.191
MinimumVisualStudioVersion = 10.0.40219.1
Project("{FAE04EC0-301F-11D3-BF4B-00C04F79EFBC}") = "dz_04.05.2024", "04.05.2024\dz_04.05.2024.csproj", "{D9B72EF0-99B2-47E5-ACEA-B48A90D5FFF4}"
EndProject
Project("{FAE04EC0-301F-11D3-BF4B-00C04F79EFBC}") = "tests_04.05.2024", "tests_04.05.2024\tests_04.05.2024.csproj", "{8DC7F47E-2DDE-494D-A77B-B3ECA3AE68E6}"
EndProject
Global
	GlobalSection(SolutionConfigurationPlatforms) = preSolution
		Debug|Any CPU = Debug|Any CPU
		Release|Any CPU = Release|Any CPU
	EndGlobalSection
	GlobalSection(ProjectConfigurationPlatforms) = postSolution
		{D9B72EF0-99B2-47E5-ACEA-B48A90D5FFF4}.Debug|Any CPU.ActiveCfg = Debug|Any CPU
		{D9B72EF0-99B2-47E5-ACEA-B48A90D5FFF4}.Debug|Any CPU.Build.0 = Debug|Any CPU
		{D9B72EF0-99B2-47E5-ACEA-B48A90D5FFF4}.Release|Any CPU.ActiveCfg = Release|Any CPU
		{D9B72EF0-99B2-47E5-ACEA-B48A90D5FFF4}.Release|Any CPU.Build.0 = Release|Any CPU
		{8DC7F47E-2DDE-494D-A77B-B3ECA3AE68E6}.Debug|Any CPU.ActiveCfg = Debug|Any CPU
		{8DC7F47E-2DDE-494D-A77B-B3ECA3AE68E6}.Debug|Any CPU.Build.0 = Debug|Any CPU
		{8DC7F47E-2DDE-494D-A77B-B3ECA3AE68E6}.Release|Any CPU.ActiveCfg = Release|Any CPU
		{8DC7F47E-2DDE-494D-A77B-B3ECA3AE68E6}.Release|Any CPU.Build.0 = Release|Any CPU
	EndGlobalSection
	GlobalSection(SolutionProperties) = preSolution
		HideSolutionNode = FALSE
	EndGlobalSection
	GlobalSection(ExtensibilityGlobals) = postSolution
		SolutionGuid = {6C65D770-3A23-45F7-8996-EADC7719AC3A}
	EndGlobalSection
EndGlobal
